
Microsoft Visual Studio Solution File, Format Version 12.00
# Visual Studio Version 17
VisualStudioVersion = 17.11.35431.28
MinimumVisualStudioVersion = 10.0.40219.1
Project("{8BC9CEB8-8B4A-11D0-8D11-00A0C91BC942}") = "iiszlib", "iiszlib\iiszlib.vcxproj", "{57619DE0-503C-4758-97BC-5AFA0A029BFA}"
EndProject
Project("{8BC9CEB8-8B4A-11D0-8D11-00A0C91BC942}") = "iisbrotli", "iisbrotli\iisbrotli.vcxproj", "{CA3EFC47-0ABB-45AD-B672-F1D6066BF62A}"
EndProject
Project("{8BC9CEB8-8B4A-11D0-8D11-00A0C91BC942}") = "zlib", "zlib\zlib.vcxproj", "{8D460A29-85AF-4884-A839-160862A94130}"
EndProject
Project("{8BC9CEB8-8B4A-11D0-8D11-00A0C91BC942}") = "brotli", "brotli\brotli.vcxproj", "{67AAF490-C8A7-4020-BB96-593B2001EA4D}"
EndProject
Project("{2150E333-8FDC-42A3-9474-1A3956D46DE8}") = "CompressionSchemes", "CompressionSchemes", "{FED855C7-07AF-4376-A4DA-73A15970002D}"
EndProject
Project("{2150E333-8FDC-42A3-9474-1A3956D46DE8}") = "Libraries", "Libraries", "{634E96A0-30A6-4861-87A0-C7B45A6030F0}"
EndProject
Project("{2150E333-8FDC-42A3-9474-1A3956D46DE8}") = "Installer", "Installer", "{9505B06E-5E2A-4E50-8B7A-63D2358D6AE6}"
EndProject
Project("{8BC9CEB8-8B4A-11D0-8D11-00A0C91BC942}") = "iiscompressionCA", "CustomAction\iiscompressionCA.vcxproj", "{4098A5FB-D3D2-4DB1-9F37-BAE0E08F80F2}"
EndProject
Project("{930C7802-8A8C-48F9-8165-68863BCCD9DD}") = "Setup", "Installer\Setup.wixproj", "{1ABF68C6-4E3D-4C36-AB9E-3AD64F9FD744}"
EndProject
Project("{8BC9CEB8-8B4A-11D0-8D11-00A0C91BC942}") = "CommonLib", "IIS-Common\lib\CommonLib.vcxproj", "{B54A8F61-60DE-4AD9-87CA-D102F230678E}"
EndProject
Project("{8BC9CEB8-8B4A-11D0-8D11-00A0C91BC942}") = "iisca", "IIS-Setup\iisca\lib\iisca.vcxproj", "{7324770C-0871-4D73-BE3D-5E2F3E9E1B1E}"
EndProject
Global
	GlobalSection(SolutionConfigurationPlatforms) = preSolution
		Debug|ARM64 = Debug|ARM64
		Debug|ARM64EC = Debug|ARM64EC
		Debug|x64 = Debug|x64
		Debug|x86 = Debug|x86
		Release|ARM64 = Release|ARM64
		Release|ARM64EC = Release|ARM64EC
		Release|x64 = Release|x64
		Release|x86 = Release|x86
	EndGlobalSection
	GlobalSection(ProjectConfigurationPlatforms) = postSolution
		{57619DE0-503C-4758-97BC-5AFA0A029BFA}.Debug|ARM64.ActiveCfg = Debug|ARM64
		{57619DE0-503C-4758-97BC-5AFA0A029BFA}.Debug|ARM64.Build.0 = Debug|ARM64
		{57619DE0-503C-4758-97BC-5AFA0A029BFA}.Debug|ARM64EC.ActiveCfg = Debug|ARM64EC
		{57619DE0-503C-4758-97BC-5AFA0A029BFA}.Debug|ARM64EC.Build.0 = Debug|ARM64EC
		{57619DE0-503C-4758-97BC-5AFA0A029BFA}.Debug|x64.ActiveCfg = Debug|x64
		{57619DE0-503C-4758-97BC-5AFA0A029BFA}.Debug|x64.Build.0 = Debug|x64
		{57619DE0-503C-4758-97BC-5AFA0A029BFA}.Debug|x86.ActiveCfg = Debug|Win32
		{57619DE0-503C-4758-97BC-5AFA0A029BFA}.Debug|x86.Build.0 = Debug|Win32
		{57619DE0-503C-4758-97BC-5AFA0A029BFA}.Release|ARM64.ActiveCfg = Release|ARM64
		{57619DE0-503C-4758-97BC-5AFA0A029BFA}.Release|ARM64.Build.0 = Release|ARM64
		{57619DE0-503C-4758-97BC-5AFA0A029BFA}.Release|ARM64EC.ActiveCfg = Release|ARM64EC
		{57619DE0-503C-4758-97BC-5AFA0A029BFA}.Release|ARM64EC.Build.0 = Release|ARM64EC
		{57619DE0-503C-4758-97BC-5AFA0A029BFA}.Release|x64.ActiveCfg = Release|x64
		{57619DE0-503C-4758-97BC-5AFA0A029BFA}.Release|x64.Build.0 = Release|x64
		{57619DE0-503C-4758-97BC-5AFA0A029BFA}.Release|x86.ActiveCfg = Release|Win32
		{57619DE0-503C-4758-97BC-5AFA0A029BFA}.Release|x86.Build.0 = Release|Win32
		{CA3EFC47-0ABB-45AD-B672-F1D6066BF62A}.Debug|ARM64.ActiveCfg = Debug|ARM64
		{CA3EFC47-0ABB-45AD-B672-F1D6066BF62A}.Debug|ARM64.Build.0 = Debug|ARM64
		{CA3EFC47-0ABB-45AD-B672-F1D6066BF62A}.Debug|ARM64EC.ActiveCfg = Debug|ARM64EC
		{CA3EFC47-0ABB-45AD-B672-F1D6066BF62A}.Debug|ARM64EC.Build.0 = Debug|ARM64EC
		{CA3EFC47-0ABB-45AD-B672-F1D6066BF62A}.Debug|x64.ActiveCfg = Debug|x64
		{CA3EFC47-0ABB-45AD-B672-F1D6066BF62A}.Debug|x64.Build.0 = Debug|x64
		{CA3EFC47-0ABB-45AD-B672-F1D6066BF62A}.Debug|x86.ActiveCfg = Debug|Win32
		{CA3EFC47-0ABB-45AD-B672-F1D6066BF62A}.Debug|x86.Build.0 = Debug|Win32
		{CA3EFC47-0ABB-45AD-B672-F1D6066BF62A}.Release|ARM64.ActiveCfg = Release|ARM64
		{CA3EFC47-0ABB-45AD-B672-F1D6066BF62A}.Release|ARM64.Build.0 = Release|ARM64
		{CA3EFC47-0ABB-45AD-B672-F1D6066BF62A}.Release|ARM64EC.ActiveCfg = Release|ARM64EC
		{CA3EFC47-0ABB-45AD-B672-F1D6066BF62A}.Release|ARM64EC.Build.0 = Release|ARM64EC
		{CA3EFC47-0ABB-45AD-B672-F1D6066BF62A}.Release|x64.ActiveCfg = Release|x64
		{CA3EFC47-0ABB-45AD-B672-F1D6066BF62A}.Release|x64.Build.0 = Release|x64
		{CA3EFC47-0ABB-45AD-B672-F1D6066BF62A}.Release|x86.ActiveCfg = Release|Win32
		{CA3EFC47-0ABB-45AD-B672-F1D6066BF62A}.Release|x86.Build.0 = Release|Win32
		{8D460A29-85AF-4884-A839-160862A94130}.Debug|ARM64.ActiveCfg = Debug|ARM64
		{8D460A29-85AF-4884-A839-160862A94130}.Debug|ARM64.Build.0 = Debug|ARM64
		{8D460A29-85AF-4884-A839-160862A94130}.Debug|ARM64EC.ActiveCfg = Debug|ARM64EC
		{8D460A29-85AF-4884-A839-160862A94130}.Debug|ARM64EC.Build.0 = Debug|ARM64EC
		{8D460A29-85AF-4884-A839-160862A94130}.Debug|x64.ActiveCfg = Debug|x64
		{8D460A29-85AF-4884-A839-160862A94130}.Debug|x64.Build.0 = Debug|x64
		{8D460A29-85AF-4884-A839-160862A94130}.Debug|x86.ActiveCfg = Debug|Win32
		{8D460A29-85AF-4884-A839-160862A94130}.Debug|x86.Build.0 = Debug|Win32
		{8D460A29-85AF-4884-A839-160862A94130}.Release|ARM64.ActiveCfg = Release|ARM64
		{8D460A29-85AF-4884-A839-160862A94130}.Release|ARM64.Build.0 = Release|ARM64
		{8D460A29-85AF-4884-A839-160862A94130}.Release|ARM64EC.ActiveCfg = Release|ARM64EC
		{8D460A29-85AF-4884-A839-160862A94130}.Release|ARM64EC.Build.0 = Release|ARM64EC
		{8D460A29-85AF-4884-A839-160862A94130}.Release|x64.ActiveCfg = Release|x64
		{8D460A29-85AF-4884-A839-160862A94130}.Release|x64.Build.0 = Release|x64
		{8D460A29-85AF-4884-A839-160862A94130}.Release|x86.ActiveCfg = Release|Win32
		{8D460A29-85AF-4884-A839-160862A94130}.Release|x86.Build.0 = Release|Win32
		{67AAF490-C8A7-4020-BB96-593B2001EA4D}.Debug|ARM64.ActiveCfg = Debug|ARM64
		{67AAF490-C8A7-4020-BB96-593B2001EA4D}.Debug|ARM64.Build.0 = Debug|ARM64
		{67AAF490-C8A7-4020-BB96-593B2001EA4D}.Debug|ARM64EC.ActiveCfg = Debug|ARM64EC
		{67AAF490-C8A7-4020-BB96-593B2001EA4D}.Debug|ARM64EC.Build.0 = Debug|ARM64EC
		{67AAF490-C8A7-4020-BB96-593B2001EA4D}.Debug|x64.ActiveCfg = Debug|x64
		{67AAF490-C8A7-4020-BB96-593B2001EA4D}.Debug|x64.Build.0 = Debug|x64
		{67AAF490-C8A7-4020-BB96-593B2001EA4D}.Debug|x86.ActiveCfg = Debug|Win32
		{67AAF490-C8A7-4020-BB96-593B2001EA4D}.Debug|x86.Build.0 = Debug|Win32
		{67AAF490-C8A7-4020-BB96-593B2001EA4D}.Release|ARM64.ActiveCfg = Release|ARM64
		{67AAF490-C8A7-4020-BB96-593B2001EA4D}.Release|ARM64.Build.0 = Release|ARM64
		{67AAF490-C8A7-4020-BB96-593B2001EA4D}.Release|ARM64EC.ActiveCfg = Release|ARM64EC
		{67AAF490-C8A7-4020-BB96-593B2001EA4D}.Release|ARM64EC.Build.0 = Release|ARM64EC
		{67AAF490-C8A7-4020-BB96-593B2001EA4D}.Release|x64.ActiveCfg = Release|x64
		{67AAF490-C8A7-4020-BB96-593B2001EA4D}.Release|x64.Build.0 = Release|x64
		{67AAF490-C8A7-4020-BB96-593B2001EA4D}.Release|x86.ActiveCfg = Release|Win32
		{67AAF490-C8A7-4020-BB96-593B2001EA4D}.Release|x86.Build.0 = Release|Win32
		{4098A5FB-D3D2-4DB1-9F37-BAE0E08F80F2}.Debug|ARM64.ActiveCfg = Debug|x64
		{4098A5FB-D3D2-4DB1-9F37-BAE0E08F80F2}.Debug|ARM64.Build.0 = Debug|x64
		{4098A5FB-D3D2-4DB1-9F37-BAE0E08F80F2}.Debug|ARM64EC.ActiveCfg = Debug|x64
		{4098A5FB-D3D2-4DB1-9F37-BAE0E08F80F2}.Debug|ARM64EC.Build.0 = Debug|x64
		{4098A5FB-D3D2-4DB1-9F37-BAE0E08F80F2}.Debug|x64.ActiveCfg = Debug|x64
		{4098A5FB-D3D2-4DB1-9F37-BAE0E08F80F2}.Debug|x64.Build.0 = Debug|x64
		{4098A5FB-D3D2-4DB1-9F37-BAE0E08F80F2}.Debug|x86.ActiveCfg = Debug|Win32
		{4098A5FB-D3D2-4DB1-9F37-BAE0E08F80F2}.Debug|x86.Build.0 = Debug|Win32
		{4098A5FB-D3D2-4DB1-9F37-BAE0E08F80F2}.Release|ARM64.ActiveCfg = Release|x64
		{4098A5FB-D3D2-4DB1-9F37-BAE0E08F80F2}.Release|ARM64.Build.0 = Release|x64
		{4098A5FB-D3D2-4DB1-9F37-BAE0E08F80F2}.Release|ARM64EC.ActiveCfg = Release|x64
		{4098A5FB-D3D2-4DB1-9F37-BAE0E08F80F2}.Release|ARM64EC.Build.0 = Release|x64
		{4098A5FB-D3D2-4DB1-9F37-BAE0E08F80F2}.Release|x64.ActiveCfg = Release|x64
		{4098A5FB-D3D2-4DB1-9F37-BAE0E08F80F2}.Release|x64.Build.0 = Release|x64
		{4098A5FB-D3D2-4DB1-9F37-BAE0E08F80F2}.Release|x86.ActiveCfg = Release|Win32
		{4098A5FB-D3D2-4DB1-9F37-BAE0E08F80F2}.Release|x86.Build.0 = Release|Win32
		{1ABF68C6-4E3D-4C36-AB9E-3AD64F9FD744}.Debug|ARM64.ActiveCfg = Debug|x64
		{1ABF68C6-4E3D-4C36-AB9E-3AD64F9FD744}.Debug|ARM64EC.ActiveCfg = Debug|x64
		{1ABF68C6-4E3D-4C36-AB9E-3AD64F9FD744}.Debug|x64.ActiveCfg = Debug|x64
		{1ABF68C6-4E3D-4C36-AB9E-3AD64F9FD744}.Debug|x64.Build.0 = Debug|x64
		{1ABF68C6-4E3D-4C36-AB9E-3AD64F9FD744}.Debug|x86.ActiveCfg = Debug|x86
		{1ABF68C6-4E3D-4C36-AB9E-3AD64F9FD744}.Debug|x86.Build.0 = Debug|x86
		{1ABF68C6-4E3D-4C36-AB9E-3AD64F9FD744}.Release|ARM64.ActiveCfg = Release|x64
		{1ABF68C6-4E3D-4C36-AB9E-3AD64F9FD744}.Release|ARM64EC.ActiveCfg = Release|x64
		{1ABF68C6-4E3D-4C36-AB9E-3AD64F9FD744}.Release|x64.ActiveCfg = Release|x64
		{1ABF68C6-4E3D-4C36-AB9E-3AD64F9FD744}.Release|x64.Build.0 = Release|x64
		{1ABF68C6-4E3D-4C36-AB9E-3AD64F9FD744}.Release|x86.ActiveCfg = Release|x86
		{1ABF68C6-4E3D-4C36-AB9E-3AD64F9FD744}.Release|x86.Build.0 = Release|x86
		{B54A8F61-60DE-4AD9-87CA-D102F230678E}.Debug|ARM64.ActiveCfg = Debug|ARM64
		{B54A8F61-60DE-4AD9-87CA-D102F230678E}.Debug|ARM64.Build.0 = Debug|ARM64
		{B54A8F61-60DE-4AD9-87CA-D102F230678E}.Debug|ARM64EC.ActiveCfg = Debug|x64
		{B54A8F61-60DE-4AD9-87CA-D102F230678E}.Debug|ARM64EC.Build.0 = Debug|x64
		{B54A8F61-60DE-4AD9-87CA-D102F230678E}.Debug|x64.ActiveCfg = Debug|x64
		{B54A8F61-60DE-4AD9-87CA-D102F230678E}.Debug|x64.Build.0 = Debug|x64
		{B54A8F61-60DE-4AD9-87CA-D102F230678E}.Debug|x86.ActiveCfg = Debug|Win32
		{B54A8F61-60DE-4AD9-87CA-D102F230678E}.Debug|x86.Build.0 = Debug|Win32
		{B54A8F61-60DE-4AD9-87CA-D102F230678E}.Release|ARM64.ActiveCfg = Release|ARM64
		{B54A8F61-60DE-4AD9-87CA-D102F230678E}.Release|ARM64.Build.0 = Release|ARM64
		{B54A8F61-60DE-4AD9-87CA-D102F230678E}.Release|ARM64EC.ActiveCfg = Release|x64
		{B54A8F61-60DE-4AD9-87CA-D102F230678E}.Release|ARM64EC.Build.0 = Release|x64
		{B54A8F61-60DE-4AD9-87CA-D102F230678E}.Release|x64.ActiveCfg = Release|x64
		{B54A8F61-60DE-4AD9-87CA-D102F230678E}.Release|x64.Build.0 = Release|x64
		{B54A8F61-60DE-4AD9-87CA-D102F230678E}.Release|x86.ActiveCfg = Release|Win32
		{B54A8F61-60DE-4AD9-87CA-D102F230678E}.Release|x86.Build.0 = Release|Win32
		{7324770C-0871-4D73-BE3D-5E2F3E9E1B1E}.Debug|ARM64.ActiveCfg = Debug|x64
		{7324770C-0871-4D73-BE3D-5E2F3E9E1B1E}.Debug|ARM64.Build.0 = Debug|x64
		{7324770C-0871-4D73-BE3D-5E2F3E9E1B1E}.Debug|ARM64EC.ActiveCfg = Debug|x64
		{7324770C-0871-4D73-BE3D-5E2F3E9E1B1E}.Debug|ARM64EC.Build.0 = Debug|x64
		{7324770C-0871-4D73-BE3D-5E2F3E9E1B1E}.Debug|x64.ActiveCfg = Debug|x64
		{7324770C-0871-4D73-BE3D-5E2F3E9E1B1E}.Debug|x64.Build.0 = Debug|x64
		{7324770C-0871-4D73-BE3D-5E2F3E9E1B1E}.Debug|x86.ActiveCfg = Debug|Win32
		{7324770C-0871-4D73-BE3D-5E2F3E9E1B1E}.Debug|x86.Build.0 = Debug|Win32
		{7324770C-0871-4D73-BE3D-5E2F3E9E1B1E}.Release|ARM64.ActiveCfg = Release|x64
		{7324770C-0871-4D73-BE3D-5E2F3E9E1B1E}.Release|ARM64.Build.0 = Release|x64
		{7324770C-0871-4D73-BE3D-5E2F3E9E1B1E}.Release|ARM64EC.ActiveCfg = Release|x64
		{7324770C-0871-4D73-BE3D-5E2F3E9E1B1E}.Release|ARM64EC.Build.0 = Release|x64
		{7324770C-0871-4D73-BE3D-5E2F3E9E1B1E}.Release|x64.ActiveCfg = Release|x64
		{7324770C-0871-4D73-BE3D-5E2F3E9E1B1E}.Release|x64.Build.0 = Release|x64
		{7324770C-0871-4D73-BE3D-5E2F3E9E1B1E}.Release|x86.ActiveCfg = Release|Win32
		{7324770C-0871-4D73-BE3D-5E2F3E9E1B1E}.Release|x86.Build.0 = Release|Win32
	EndGlobalSection
	GlobalSection(SolutionProperties) = preSolution
		HideSolutionNode = FALSE
	EndGlobalSection
	GlobalSection(NestedProjects) = preSolution
		{57619DE0-503C-4758-97BC-5AFA0A029BFA} = {FED855C7-07AF-4376-A4DA-73A15970002D}
		{CA3EFC47-0ABB-45AD-B672-F1D6066BF62A} = {FED855C7-07AF-4376-A4DA-73A15970002D}
		{8D460A29-85AF-4884-A839-160862A94130} = {634E96A0-30A6-4861-87A0-C7B45A6030F0}
		{67AAF490-C8A7-4020-BB96-593B2001EA4D} = {634E96A0-30A6-4861-87A0-C7B45A6030F0}
		{4098A5FB-D3D2-4DB1-9F37-BAE0E08F80F2} = {9505B06E-5E2A-4E50-8B7A-63D2358D6AE6}
		{1ABF68C6-4E3D-4C36-AB9E-3AD64F9FD744} = {9505B06E-5E2A-4E50-8B7A-63D2358D6AE6}
		{B54A8F61-60DE-4AD9-87CA-D102F230678E} = {634E96A0-30A6-4861-87A0-C7B45A6030F0}
		{7324770C-0871-4D73-BE3D-5E2F3E9E1B1E} = {634E96A0-30A6-4861-87A0-C7B45A6030F0}
	EndGlobalSection
	GlobalSection(ExtensibilityGlobals) = postSolution
		SolutionGuid = {446C09C4-34F0-4512-9E61-888C20633532}
	EndGlobalSection
EndGlobal
